
Microsoft Visual Studio Solution File, Format Version 12.00
# Visual Studio 2015
Project("{FAE04EC0-301F-11D3-BF4B-00C04F79EFBC}") = "Modern Apartment_Wilson.CSharp", "Modern Apartment_Wilson.CSharp.csproj", "{7745D83A-1FF4-82D8-CBA0-B28AA53AF9F8}"
EndProject
Project("{FAE04EC0-301F-11D3-BF4B-00C04F79EFBC}") = "Modern Apartment_Wilson.CSharp.Editor", "Modern Apartment_Wilson.CSharp.Editor.csproj", "{50918AAB-82D3-2FEF-9C9D-AAE26DED4F10}"
EndProject
Global
	GlobalSection(SolutionConfigurationPlatforms) = preSolution
		Debug|Any CPU = Debug|Any CPU
		Release|Any CPU = Release|Any CPU
	EndGlobalSection
	GlobalSection(ProjectConfigurationPlatforms) = postSolution
		{7745D83A-1FF4-82D8-CBA0-B28AA53AF9F8}.Debug|Any CPU.ActiveCfg = Debug|Any CPU
		{7745D83A-1FF4-82D8-CBA0-B28AA53AF9F8}.Debug|Any CPU.Build.0 = Debug|Any CPU
		{7745D83A-1FF4-82D8-CBA0-B28AA53AF9F8}.Release|Any CPU.ActiveCfg = Release|Any CPU
		{7745D83A-1FF4-82D8-CBA0-B28AA53AF9F8}.Release|Any CPU.Build.0 = Release|Any CPU
		{50918AAB-82D3-2FEF-9C9D-AAE26DED4F10}.Debug|Any CPU.ActiveCfg = Debug|Any CPU
		{50918AAB-82D3-2FEF-9C9D-AAE26DED4F10}.Debug|Any CPU.Build.0 = Debug|Any CPU
		{50918AAB-82D3-2FEF-9C9D-AAE26DED4F10}.Release|Any CPU.ActiveCfg = Release|Any CPU
		{50918AAB-82D3-2FEF-9C9D-AAE26DED4F10}.Release|Any CPU.Build.0 = Release|Any CPU
	EndGlobalSection
	GlobalSection(SolutionProperties) = preSolution
		HideSolutionNode = FALSE
	EndGlobalSection
EndGlobal
